// !$*UTF8*$!
{
	archiveVersion = 1;
	classes = {
	};
	objectVersion = 50;
	objects = {

/* Begin PBXBuildFile section */
		7E000B2425E389B5002DD341 /* UIKit.framework in Frameworks */ = {isa = PBXBuildFile; fileRef = 7E000B2325E389B4002DD341 /* UIKit.framework */; };
		7E0665E225E23E2700A10151 /* AppDelegate.m in Sources */ = {isa = PBXBuildFile; fileRef = 7E0665E125E23E2700A10151 /* AppDelegate.m */; };
		7E0665E525E23E2700A10151 /* SceneDelegate.m in Sources */ = {isa = PBXBuildFile; fileRef = 7E0665E425E23E2700A10151 /* SceneDelegate.m */; };
		7E0665E825E23E2700A10151 /* ViewController.m in Sources */ = {isa = PBXBuildFile; fileRef = 7E0665E725E23E2700A10151 /* ViewController.m */; };
		7E0665EB25E23E2700A10151 /* Main.storyboard in Resources */ = {isa = PBXBuildFile; fileRef = 7E0665E925E23E2700A10151 /* Main.storyboard */; };
		7E0665ED25E23E2800A10151 /* Assets.xcassets in Resources */ = {isa = PBXBuildFile; fileRef = 7E0665EC25E23E2800A10151 /* Assets.xcassets */; };
		7E0665F025E23E2800A10151 /* LaunchScreen.storyboard in Resources */ = {isa = PBXBuildFile; fileRef = 7E0665EE25E23E2800A10151 /* LaunchScreen.storyboard */; };
		7E0665F325E23E2800A10151 /* main.m in Sources */ = {isa = PBXBuildFile; fileRef = 7E0665F225E23E2800A10151 /* main.m */; };
		7E0665FD25E23E2900A10151 /* teclatTests.m in Sources */ = {isa = PBXBuildFile; fileRef = 7E0665FC25E23E2900A10151 /* teclatTests.m */; };
		7E06660825E23E2900A10151 /* teclatUITests.m in Sources */ = {isa = PBXBuildFile; fileRef = 7E06660725E23E2900A10151 /* teclatUITests.m */; };
		7E06662025E23E4000A10151 /* KeyboardViewController.mm in Sources */ = {isa = PBXBuildFile; fileRef = 7E06661F25E23E4000A10151 /* KeyboardViewController.mm */; };
		7E06662425E23E4000A10151 /* RadialXKeyboard.appex in Embed App Extensions */ = {isa = PBXBuildFile; fileRef = 7E06661C25E23E4000A10151 /* RadialXKeyboard.appex */; settings = {ATTRIBUTES = (RemoveHeadersOnCopy, ); }; };
		7E0BD7C625E768FA002F75B5 /* Metal.framework in Frameworks */ = {isa = PBXBuildFile; fileRef = 7E0BD7C525E768FA002F75B5 /* Metal.framework */; };
		7E0BD7CC25E76940002F75B5 /* QuartzCore.framework in Frameworks */ = {isa = PBXBuildFile; fileRef = 7E0BD7CB25E76940002F75B5 /* QuartzCore.framework */; };
		7E0BD81D25E770E6002F75B5 /* KeyboardView.mm in Sources */ = {isa = PBXBuildFile; fileRef = 7E0BD81C25E770E6002F75B5 /* KeyboardView.mm */; };
		7E0BD85D25E77C66002F75B5 /* libbgfxDebug.a in Frameworks */ = {isa = PBXBuildFile; fileRef = 7E0BD77725E3910C002F75B5 /* libbgfxDebug.a */; };
		7E0BD85E25E77C66002F75B5 /* libbimgDebug.a in Frameworks */ = {isa = PBXBuildFile; fileRef = 7E0BD76425E3910B002F75B5 /* libbimgDebug.a */; };
		7E0BD85F25E77C66002F75B5 /* libbimg_decodeDebug.a in Frameworks */ = {isa = PBXBuildFile; fileRef = 7E0BD76A25E3910B002F75B5 /* libbimg_decodeDebug.a */; };
		7E0BD86025E77C66002F75B5 /* libbxDebug.a in Frameworks */ = {isa = PBXBuildFile; fileRef = 7E0BD77025E3910C002F75B5 /* libbxDebug.a */; };
		7E0BD86E25E77CE4002F75B5 /* OpenGLES.framework in Frameworks */ = {isa = PBXBuildFile; fileRef = 7E0BD86D25E77CE4002F75B5 /* OpenGLES.framework */; };
		7E39758225ECA0910089AF21 /* fs_cubes.bin in Resources */ = {isa = PBXBuildFile; fileRef = 7E396FA825ECA08D0089AF21 /* fs_cubes.bin */; };
		7E39766F25ECA0920089AF21 /* vs_cubes.bin in Resources */ = {isa = PBXBuildFile; fileRef = 7E39709525ECA08E0089AF21 /* vs_cubes.bin */; };
		7E3C516525F0B141001D1E68 /* ThreadSafeQueue.cpp in Sources */ = {isa = PBXBuildFile; fileRef = 7E3C516325F0B141001D1E68 /* ThreadSafeQueue.cpp */; };
		C36A01349061059A7FD13A24 /* InputHandler.mm in Sources */ = {isa = PBXBuildFile; fileRef = C36A0B9604020C5770E2DBC8 /* InputHandler.mm */; };
		C36A041B9EEC45F9F5996868 /* ShaderLoader.cpp in Sources */ = {isa = PBXBuildFile; fileRef = C36A0322E85DE553E2BFCBC4 /* ShaderLoader.cpp */; };
		C36A07A907DFF3B75A1B2EC7 /* KeyboardRenderer.cpp in Sources */ = {isa = PBXBuildFile; fileRef = C36A07E4BC4766C3BAF999D7 /* KeyboardRenderer.cpp */; };
/* End PBXBuildFile section */

/* Begin PBXContainerItemProxy section */
		7E0665F925E23E2900A10151 /* PBXContainerItemProxy */ = {
			isa = PBXContainerItemProxy;
			containerPortal = 7E0665D525E23E2700A10151 /* Project object */;
			proxyType = 1;
			remoteGlobalIDString = 7E0665DC25E23E2700A10151;
			remoteInfo = teclat;
		};
		7E06660425E23E2900A10151 /* PBXContainerItemProxy */ = {
			isa = PBXContainerItemProxy;
			containerPortal = 7E0665D525E23E2700A10151 /* Project object */;
			proxyType = 1;
			remoteGlobalIDString = 7E0665DC25E23E2700A10151;
			remoteInfo = teclat;
		};
		7E06662225E23E4000A10151 /* PBXContainerItemProxy */ = {
			isa = PBXContainerItemProxy;
			containerPortal = 7E0665D525E23E2700A10151 /* Project object */;
			proxyType = 1;
			remoteGlobalIDString = 7E06661B25E23E4000A10151;
			remoteInfo = RadialXKeyboard;
		};
		7E0BD76325E3910B002F75B5 /* PBXContainerItemProxy */ = {
			isa = PBXContainerItemProxy;
			containerPortal = 7E0BD75F25E3910B002F75B5 /* bimg.xcodeproj */;
			proxyType = 2;
			remoteGlobalIDString = 5ACAB1E8C601FA7FCF0B5EA3;
			remoteInfo = bimg;
		};
		7E0BD76925E3910B002F75B5 /* PBXContainerItemProxy */ = {
			isa = PBXContainerItemProxy;
			containerPortal = 7E0BD76525E3910B002F75B5 /* bimg_decode.xcodeproj */;
			proxyType = 2;
			remoteGlobalIDString = 7D6367F06989315752CFB622;
			remoteInfo = bimg_decode;
		};
		7E0BD76F25E3910C002F75B5 /* PBXContainerItemProxy */ = {
			isa = PBXContainerItemProxy;
			containerPortal = 7E0BD76B25E3910B002F75B5 /* bx.xcodeproj */;
			proxyType = 2;
			remoteGlobalIDString = D5D335834140F17D0A3489DB;
			remoteInfo = bx;
		};
		7E0BD77625E3910C002F75B5 /* PBXContainerItemProxy */ = {
			isa = PBXContainerItemProxy;
			containerPortal = 7E0BD77125E3910C002F75B5 /* bgfx.xcodeproj */;
			proxyType = 2;
			remoteGlobalIDString = 02DC17D86E13606F771DC492;
			remoteInfo = bgfx;
		};
		7E0BD77C25E3911A002F75B5 /* PBXContainerItemProxy */ = {
			isa = PBXContainerItemProxy;
			containerPortal = 7E0BD77125E3910C002F75B5 /* bgfx.xcodeproj */;
			proxyType = 1;
			remoteGlobalIDString = A853C66B944DEFBD7DBA85CE;
			remoteInfo = bgfx;
		};
		7E0BD77E25E3911A002F75B5 /* PBXContainerItemProxy */ = {
			isa = PBXContainerItemProxy;
			containerPortal = 7E0BD76B25E3910B002F75B5 /* bx.xcodeproj */;
			proxyType = 1;
			remoteGlobalIDString = 1B1D4BC607ACD48FB0CAE88A;
			remoteInfo = bx;
		};
		7E0BD78025E3911A002F75B5 /* PBXContainerItemProxy */ = {
			isa = PBXContainerItemProxy;
			containerPortal = 7E0BD76525E3910B002F75B5 /* bimg_decode.xcodeproj */;
			proxyType = 1;
			remoteGlobalIDString = C35735362F701C60F81CACF9;
			remoteInfo = bimg_decode;
		};
		7E0BD78225E3911A002F75B5 /* PBXContainerItemProxy */ = {
			isa = PBXContainerItemProxy;
			containerPortal = 7E0BD75F25E3910B002F75B5 /* bimg.xcodeproj */;
			proxyType = 1;
			remoteGlobalIDString = 00D72F0FECD05861D53DEF71;
			remoteInfo = bimg;
		};
		7E0BD78425E3911A002F75B5 /* PBXContainerItemProxy */ = {
			isa = PBXContainerItemProxy;
			containerPortal = 7E0BD76B25E3910B002F75B5 /* bx.xcodeproj */;
			proxyType = 1;
			remoteGlobalIDString = 1B1D4BC607ACD48FB0CAE88A;
			remoteInfo = bx;
		};
/* End PBXContainerItemProxy section */

/* Begin PBXCopyFilesBuildPhase section */
		7E06662825E23E4000A10151 /* Embed App Extensions */ = {
			isa = PBXCopyFilesBuildPhase;
			buildActionMask = 2147483647;
			dstPath = "";
			dstSubfolderSpec = 13;
			files = (
				7E06662425E23E4000A10151 /* RadialXKeyboard.appex in Embed App Extensions */,
			);
			name = "Embed App Extensions";
			runOnlyForDeploymentPostprocessing = 0;
		};
/* End PBXCopyFilesBuildPhase section */

/* Begin PBXFileReference section */
		7E000B2325E389B4002DD341 /* UIKit.framework */ = {isa = PBXFileReference; lastKnownFileType = wrapper.framework; name = UIKit.framework; path = System/Library/Frameworks/UIKit.framework; sourceTree = SDKROOT; };
		7E0665DD25E23E2700A10151 /* teclat.app */ = {isa = PBXFileReference; explicitFileType = wrapper.application; includeInIndex = 0; path = teclat.app; sourceTree = BUILT_PRODUCTS_DIR; };
		7E0665E025E23E2700A10151 /* AppDelegate.h */ = {isa = PBXFileReference; lastKnownFileType = sourcecode.c.h; path = AppDelegate.h; sourceTree = "<group>"; };
		7E0665E125E23E2700A10151 /* AppDelegate.m */ = {isa = PBXFileReference; lastKnownFileType = sourcecode.c.objc; path = AppDelegate.m; sourceTree = "<group>"; };
		7E0665E325E23E2700A10151 /* SceneDelegate.h */ = {isa = PBXFileReference; lastKnownFileType = sourcecode.c.h; path = SceneDelegate.h; sourceTree = "<group>"; };
		7E0665E425E23E2700A10151 /* SceneDelegate.m */ = {isa = PBXFileReference; lastKnownFileType = sourcecode.c.objc; path = SceneDelegate.m; sourceTree = "<group>"; };
		7E0665E625E23E2700A10151 /* ViewController.h */ = {isa = PBXFileReference; lastKnownFileType = sourcecode.c.h; path = ViewController.h; sourceTree = "<group>"; };
		7E0665E725E23E2700A10151 /* ViewController.m */ = {isa = PBXFileReference; lastKnownFileType = sourcecode.c.objc; path = ViewController.m; sourceTree = "<group>"; };
		7E0665EA25E23E2700A10151 /* Base */ = {isa = PBXFileReference; lastKnownFileType = file.storyboard; name = Base; path = Base.lproj/Main.storyboard; sourceTree = "<group>"; };
		7E0665EC25E23E2800A10151 /* Assets.xcassets */ = {isa = PBXFileReference; lastKnownFileType = folder.assetcatalog; path = Assets.xcassets; sourceTree = "<group>"; };
		7E0665EF25E23E2800A10151 /* Base */ = {isa = PBXFileReference; lastKnownFileType = file.storyboard; name = Base; path = Base.lproj/LaunchScreen.storyboard; sourceTree = "<group>"; };
		7E0665F125E23E2800A10151 /* Info.plist */ = {isa = PBXFileReference; lastKnownFileType = text.plist.xml; path = Info.plist; sourceTree = "<group>"; };
		7E0665F225E23E2800A10151 /* main.m */ = {isa = PBXFileReference; lastKnownFileType = sourcecode.c.objc; path = main.m; sourceTree = "<group>"; };
		7E0665F825E23E2900A10151 /* teclatTests.xctest */ = {isa = PBXFileReference; explicitFileType = wrapper.cfbundle; includeInIndex = 0; path = teclatTests.xctest; sourceTree = BUILT_PRODUCTS_DIR; };
		7E0665FC25E23E2900A10151 /* teclatTests.m */ = {isa = PBXFileReference; lastKnownFileType = sourcecode.c.objc; path = teclatTests.m; sourceTree = "<group>"; };
		7E0665FE25E23E2900A10151 /* Info.plist */ = {isa = PBXFileReference; lastKnownFileType = text.plist.xml; path = Info.plist; sourceTree = "<group>"; };
		7E06660325E23E2900A10151 /* teclatUITests.xctest */ = {isa = PBXFileReference; explicitFileType = wrapper.cfbundle; includeInIndex = 0; path = teclatUITests.xctest; sourceTree = BUILT_PRODUCTS_DIR; };
		7E06660725E23E2900A10151 /* teclatUITests.m */ = {isa = PBXFileReference; lastKnownFileType = sourcecode.c.objc; path = teclatUITests.m; sourceTree = "<group>"; };
		7E06660925E23E2900A10151 /* Info.plist */ = {isa = PBXFileReference; lastKnownFileType = text.plist.xml; path = Info.plist; sourceTree = "<group>"; };
		7E06661C25E23E4000A10151 /* RadialXKeyboard.appex */ = {isa = PBXFileReference; explicitFileType = "wrapper.app-extension"; includeInIndex = 0; path = RadialXKeyboard.appex; sourceTree = BUILT_PRODUCTS_DIR; };
		7E06661E25E23E4000A10151 /* KeyboardViewController.h */ = {isa = PBXFileReference; lastKnownFileType = sourcecode.c.h; path = KeyboardViewController.h; sourceTree = "<group>"; };
		7E06661F25E23E4000A10151 /* KeyboardViewController.mm */ = {isa = PBXFileReference; lastKnownFileType = sourcecode.cpp.objcpp; path = KeyboardViewController.mm; sourceTree = "<group>"; };
		7E06662125E23E4000A10151 /* Info.plist */ = {isa = PBXFileReference; lastKnownFileType = text.plist.xml; path = Info.plist; sourceTree = "<group>"; };
		7E0BD75F25E3910B002F75B5 /* bimg.xcodeproj */ = {isa = PBXFileReference; lastKnownFileType = "wrapper.pb-project"; name = bimg.xcodeproj; path = "../../libs/bgfx/.build/projects/xcode11-ios/bimg.xcodeproj"; sourceTree = "<group>"; };
		7E0BD76525E3910B002F75B5 /* bimg_decode.xcodeproj */ = {isa = PBXFileReference; lastKnownFileType = "wrapper.pb-project"; name = bimg_decode.xcodeproj; path = "../../libs/bgfx/.build/projects/xcode11-ios/bimg_decode.xcodeproj"; sourceTree = "<group>"; };
		7E0BD76B25E3910B002F75B5 /* bx.xcodeproj */ = {isa = PBXFileReference; lastKnownFileType = "wrapper.pb-project"; name = bx.xcodeproj; path = "../../libs/bgfx/.build/projects/xcode11-ios/bx.xcodeproj"; sourceTree = "<group>"; };
		7E0BD77125E3910C002F75B5 /* bgfx.xcodeproj */ = {isa = PBXFileReference; lastKnownFileType = "wrapper.pb-project"; name = bgfx.xcodeproj; path = "../../libs/bgfx/.build/projects/xcode11-ios/bgfx.xcodeproj"; sourceTree = "<group>"; };
		7E0BD7C525E768FA002F75B5 /* Metal.framework */ = {isa = PBXFileReference; lastKnownFileType = wrapper.framework; name = Metal.framework; path = System/Library/Frameworks/Metal.framework; sourceTree = SDKROOT; };
		7E0BD7CB25E76940002F75B5 /* QuartzCore.framework */ = {isa = PBXFileReference; lastKnownFileType = wrapper.framework; name = QuartzCore.framework; path = System/Library/Frameworks/QuartzCore.framework; sourceTree = SDKROOT; };
		7E0BD81B25E770E6002F75B5 /* KeyboardView.h */ = {isa = PBXFileReference; lastKnownFileType = sourcecode.c.h; path = KeyboardView.h; sourceTree = "<group>"; };
		7E0BD81C25E770E6002F75B5 /* KeyboardView.mm */ = {isa = PBXFileReference; lastKnownFileType = sourcecode.cpp.objcpp; path = KeyboardView.mm; sourceTree = "<group>"; };
		7E0BD86D25E77CE4002F75B5 /* OpenGLES.framework */ = {isa = PBXFileReference; lastKnownFileType = wrapper.framework; name = OpenGLES.framework; path = System/Library/Frameworks/OpenGLES.framework; sourceTree = SDKROOT; };
		7E396FA825ECA08D0089AF21 /* fs_cubes.bin */ = {isa = PBXFileReference; lastKnownFileType = archive.macbinary; path = fs_cubes.bin; sourceTree = "<group>"; };
		7E39709525ECA08E0089AF21 /* vs_cubes.bin */ = {isa = PBXFileReference; lastKnownFileType = archive.macbinary; path = vs_cubes.bin; sourceTree = "<group>"; };
		7E3C516325F0B141001D1E68 /* ThreadSafeQueue.cpp */ = {isa = PBXFileReference; lastKnownFileType = sourcecode.cpp.cpp; path = ThreadSafeQueue.cpp; sourceTree = "<group>"; };
		C36A0322E85DE553E2BFCBC4 /* ShaderLoader.cpp */ = {isa = PBXFileReference; fileEncoding = 4; lastKnownFileType = sourcecode.cpp.cpp; path = ShaderLoader.cpp; sourceTree = "<group>"; };
		C36A063DA13BED36AC927863 /* Renderer.hpp */ = {isa = PBXFileReference; fileEncoding = 4; lastKnownFileType = sourcecode.cpp.h; path = Renderer.hpp; sourceTree = "<group>"; };
		C36A0745381BE7252D056A82 /* KeyboardRenderer.hpp */ = {isa = PBXFileReference; fileEncoding = 4; lastKnownFileType = sourcecode.cpp.h; path = KeyboardRenderer.hpp; sourceTree = "<group>"; };
		C36A07E4BC4766C3BAF999D7 /* KeyboardRenderer.cpp */ = {isa = PBXFileReference; fileEncoding = 4; lastKnownFileType = sourcecode.cpp.cpp; path = KeyboardRenderer.cpp; sourceTree = "<group>"; };
		C36A0B9604020C5770E2DBC8 /* InputHandler.mm */ = {isa = PBXFileReference; fileEncoding = 4; lastKnownFileType = sourcecode.cpp.objcpp; path = InputHandler.mm; sourceTree = "<group>"; };
		C36A0C84F159F7EC111C25EC /* ShaderLoader.hpp */ = {isa = PBXFileReference; fileEncoding = 4; lastKnownFileType = sourcecode.cpp.h; path = ShaderLoader.hpp; sourceTree = "<group>"; };
		C36A0EE499E6370D979C8233 /* InputHandler.h */ = {isa = PBXFileReference; fileEncoding = 4; lastKnownFileType = sourcecode.c.h; path = InputHandler.h; sourceTree = "<group>"; };
		C36A0FA46F1BE00903575291 /* InputHandler.hpp */ = {isa = PBXFileReference; fileEncoding = 4; lastKnownFileType = sourcecode.cpp.h; path = InputHandler.hpp; sourceTree = "<group>"; };
/* End PBXFileReference section */

/* Begin PBXFrameworksBuildPhase section */
		7E0665DA25E23E2700A10151 /* Frameworks */ = {
			isa = PBXFrameworksBuildPhase;
			buildActionMask = 2147483647;
			files = (
			);
			runOnlyForDeploymentPostprocessing = 0;
		};
		7E0665F525E23E2900A10151 /* Frameworks */ = {
			isa = PBXFrameworksBuildPhase;
			buildActionMask = 2147483647;
			files = (
			);
			runOnlyForDeploymentPostprocessing = 0;
		};
		7E06660025E23E2900A10151 /* Frameworks */ = {
			isa = PBXFrameworksBuildPhase;
			buildActionMask = 2147483647;
			files = (
			);
			runOnlyForDeploymentPostprocessing = 0;
		};
		7E06661925E23E4000A10151 /* Frameworks */ = {
			isa = PBXFrameworksBuildPhase;
			buildActionMask = 2147483647;
			files = (
				7E0BD86E25E77CE4002F75B5 /* OpenGLES.framework in Frameworks */,
				7E0BD85D25E77C66002F75B5 /* libbgfxDebug.a in Frameworks */,
				7E0BD85E25E77C66002F75B5 /* libbimgDebug.a in Frameworks */,
				7E0BD85F25E77C66002F75B5 /* libbimg_decodeDebug.a in Frameworks */,
				7E0BD86025E77C66002F75B5 /* libbxDebug.a in Frameworks */,
				7E0BD7CC25E76940002F75B5 /* QuartzCore.framework in Frameworks */,
				7E0BD7C625E768FA002F75B5 /* Metal.framework in Frameworks */,
				7E000B2425E389B5002DD341 /* UIKit.framework in Frameworks */,
			);
			runOnlyForDeploymentPostprocessing = 0;
		};
/* End PBXFrameworksBuildPhase section */

/* Begin PBXGroup section */
		7E000B2225E389B4002DD341 /* Frameworks */ = {
			isa = PBXGroup;
			children = (
				7E0BD86D25E77CE4002F75B5 /* OpenGLES.framework */,
				7E0BD7CB25E76940002F75B5 /* QuartzCore.framework */,
				7E0BD7C525E768FA002F75B5 /* Metal.framework */,
				7E000B2325E389B4002DD341 /* UIKit.framework */,
			);
			name = Frameworks;
			sourceTree = "<group>";
		};
		7E0665D425E23E2700A10151 = {
			isa = PBXGroup;
			children = (
				7E0665DF25E23E2700A10151 /* teclat */,
				7E0665FB25E23E2900A10151 /* teclatTests */,
				7E06660625E23E2900A10151 /* teclatUITests */,
				7E06661D25E23E4000A10151 /* RadialXKeyboard */,
				7E0665DE25E23E2700A10151 /* Products */,
				7E0BD75E25E390B3002F75B5 /* Projects */,
				7E000B2225E389B4002DD341 /* Frameworks */,
			);
			sourceTree = "<group>";
		};
		7E0665DE25E23E2700A10151 /* Products */ = {
			isa = PBXGroup;
			children = (
				7E0665DD25E23E2700A10151 /* teclat.app */,
				7E0665F825E23E2900A10151 /* teclatTests.xctest */,
				7E06660325E23E2900A10151 /* teclatUITests.xctest */,
				7E06661C25E23E4000A10151 /* RadialXKeyboard.appex */,
			);
			name = Products;
			sourceTree = "<group>";
		};
		7E0665DF25E23E2700A10151 /* teclat */ = {
			isa = PBXGroup;
			children = (
				7E0665E025E23E2700A10151 /* AppDelegate.h */,
				7E0665E125E23E2700A10151 /* AppDelegate.m */,
				7E0665E325E23E2700A10151 /* SceneDelegate.h */,
				7E0665E425E23E2700A10151 /* SceneDelegate.m */,
				7E0665E625E23E2700A10151 /* ViewController.h */,
				7E0665E725E23E2700A10151 /* ViewController.m */,
				7E0665E925E23E2700A10151 /* Main.storyboard */,
				7E0665EC25E23E2800A10151 /* Assets.xcassets */,
				7E0665EE25E23E2800A10151 /* LaunchScreen.storyboard */,
				7E0665F125E23E2800A10151 /* Info.plist */,
				7E0665F225E23E2800A10151 /* main.m */,
			);
			path = teclat;
			sourceTree = "<group>";
		};
		7E0665FB25E23E2900A10151 /* teclatTests */ = {
			isa = PBXGroup;
			children = (
				7E0665FC25E23E2900A10151 /* teclatTests.m */,
				7E0665FE25E23E2900A10151 /* Info.plist */,
			);
			path = teclatTests;
			sourceTree = "<group>";
		};
		7E06660625E23E2900A10151 /* teclatUITests */ = {
			isa = PBXGroup;
			children = (
				7E06660725E23E2900A10151 /* teclatUITests.m */,
				7E06660925E23E2900A10151 /* Info.plist */,
			);
			path = teclatUITests;
			sourceTree = "<group>";
		};
		7E06661D25E23E4000A10151 /* RadialXKeyboard */ = {
			isa = PBXGroup;
			children = (
				7E396EB325ECA08C0089AF21 /* shaders */,
				7E06661E25E23E4000A10151 /* KeyboardViewController.h */,
				7E06661F25E23E4000A10151 /* KeyboardViewController.mm */,
				7E06662125E23E4000A10151 /* Info.plist */,
				7E0BD81B25E770E6002F75B5 /* KeyboardView.h */,
				7E0BD81C25E770E6002F75B5 /* KeyboardView.mm */,
				C36A07E4BC4766C3BAF999D7 /* KeyboardRenderer.cpp */,
				C36A0745381BE7252D056A82 /* KeyboardRenderer.hpp */,
				C36A063DA13BED36AC927863 /* Renderer.hpp */,
				C36A0322E85DE553E2BFCBC4 /* ShaderLoader.cpp */,
				C36A0C84F159F7EC111C25EC /* ShaderLoader.hpp */,
				7E3C516325F0B141001D1E68 /* ThreadSafeQueue.cpp */,
				C36A0B9604020C5770E2DBC8 /* InputHandler.mm */,
				C36A0EE499E6370D979C8233 /* InputHandler.h */,
				C36A0FA46F1BE00903575291 /* InputHandler.hpp */,
			);
			path = RadialXKeyboard;
			sourceTree = "<group>";
		};
		7E0BD75E25E390B3002F75B5 /* Projects */ = {
			isa = PBXGroup;
			children = (
				7E0BD77125E3910C002F75B5 /* bgfx.xcodeproj */,
				7E0BD76525E3910B002F75B5 /* bimg_decode.xcodeproj */,
				7E0BD75F25E3910B002F75B5 /* bimg.xcodeproj */,
				7E0BD76B25E3910B002F75B5 /* bx.xcodeproj */,
			);
			path = Projects;
			sourceTree = "<group>";
		};
		7E0BD76025E3910B002F75B5 /* Products */ = {
			isa = PBXGroup;
			children = (
				7E0BD76425E3910B002F75B5 /* libbimgDebug.a */,
			);
			name = Products;
			sourceTree = "<group>";
		};
		7E0BD76625E3910B002F75B5 /* Products */ = {
			isa = PBXGroup;
			children = (
				7E0BD76A25E3910B002F75B5 /* libbimg_decodeDebug.a */,
			);
			name = Products;
			sourceTree = "<group>";
		};
		7E0BD76C25E3910B002F75B5 /* Products */ = {
			isa = PBXGroup;
			children = (
				7E0BD77025E3910C002F75B5 /* libbxDebug.a */,
			);
			name = Products;
			sourceTree = "<group>";
		};
		7E0BD77225E3910C002F75B5 /* Products */ = {
			isa = PBXGroup;
			children = (
				7E0BD77725E3910C002F75B5 /* libbgfxDebug.a */,
			);
			name = Products;
			sourceTree = "<group>";
		};
		7E396EB325ECA08C0089AF21 /* shaders */ = {
			isa = PBXGroup;
			children = (
				7E396F9325ECA08D0089AF21 /* metal */,
			);
			path = shaders;
			sourceTree = "<group>";
		};
		7E396F9325ECA08D0089AF21 /* metal */ = {
			isa = PBXGroup;
			children = (
				7E396FA825ECA08D0089AF21 /* fs_cubes.bin */,
				7E39709525ECA08E0089AF21 /* vs_cubes.bin */,
			);
			path = metal;
			sourceTree = "<group>";
		};
/* End PBXGroup section */

/* Begin PBXNativeTarget section */
		7E0665DC25E23E2700A10151 /* teclat */ = {
			isa = PBXNativeTarget;
			buildConfigurationList = 7E06660C25E23E2900A10151 /* Build configuration list for PBXNativeTarget "teclat" */;
			buildPhases = (
				7E0665D925E23E2700A10151 /* Sources */,
				7E0665DA25E23E2700A10151 /* Frameworks */,
				7E0665DB25E23E2700A10151 /* Resources */,
				7E06662825E23E4000A10151 /* Embed App Extensions */,
			);
			buildRules = (
			);
			dependencies = (
				7E06662325E23E4000A10151 /* PBXTargetDependency */,
			);
			name = teclat;
			productName = teclat;
			productReference = 7E0665DD25E23E2700A10151 /* teclat.app */;
			productType = "com.apple.product-type.application";
		};
		7E0665F725E23E2900A10151 /* teclatTests */ = {
			isa = PBXNativeTarget;
			buildConfigurationList = 7E06660F25E23E2900A10151 /* Build configuration list for PBXNativeTarget "teclatTests" */;
			buildPhases = (
				7E0665F425E23E2900A10151 /* Sources */,
				7E0665F525E23E2900A10151 /* Frameworks */,
				7E0665F625E23E2900A10151 /* Resources */,
			);
			buildRules = (
			);
			dependencies = (
				7E0665FA25E23E2900A10151 /* PBXTargetDependency */,
			);
			name = teclatTests;
			productName = teclatTests;
			productReference = 7E0665F825E23E2900A10151 /* teclatTests.xctest */;
			productType = "com.apple.product-type.bundle.unit-test";
		};
		7E06660225E23E2900A10151 /* teclatUITests */ = {
			isa = PBXNativeTarget;
			buildConfigurationList = 7E06661225E23E2900A10151 /* Build configuration list for PBXNativeTarget "teclatUITests" */;
			buildPhases = (
				7E0665FF25E23E2900A10151 /* Sources */,
				7E06660025E23E2900A10151 /* Frameworks */,
				7E06660125E23E2900A10151 /* Resources */,
			);
			buildRules = (
			);
			dependencies = (
				7E06660525E23E2900A10151 /* PBXTargetDependency */,
			);
			name = teclatUITests;
			productName = teclatUITests;
			productReference = 7E06660325E23E2900A10151 /* teclatUITests.xctest */;
			productType = "com.apple.product-type.bundle.ui-testing";
		};
		7E06661B25E23E4000A10151 /* RadialXKeyboard */ = {
			isa = PBXNativeTarget;
			buildConfigurationList = 7E06662525E23E4000A10151 /* Build configuration list for PBXNativeTarget "RadialXKeyboard" */;
			buildPhases = (
				7E06661825E23E4000A10151 /* Sources */,
				7E06661925E23E4000A10151 /* Frameworks */,
				7E06661A25E23E4000A10151 /* Resources */,
			);
			buildRules = (
			);
			dependencies = (
				7E0BD77D25E3911A002F75B5 /* PBXTargetDependency */,
				7E0BD77F25E3911A002F75B5 /* PBXTargetDependency */,
				7E0BD78125E3911A002F75B5 /* PBXTargetDependency */,
				7E0BD78325E3911A002F75B5 /* PBXTargetDependency */,
				7E0BD78525E3911A002F75B5 /* PBXTargetDependency */,
			);
			name = RadialXKeyboard;
			productName = RadialXKeyboard;
			productReference = 7E06661C25E23E4000A10151 /* RadialXKeyboard.appex */;
			productType = "com.apple.product-type.app-extension";
		};
/* End PBXNativeTarget section */

/* Begin PBXProject section */
		7E0665D525E23E2700A10151 /* Project object */ = {
			isa = PBXProject;
			attributes = {
				LastUpgradeCheck = 1240;
				TargetAttributes = {
					7E0665DC25E23E2700A10151 = {
						CreatedOnToolsVersion = 12.4;
					};
					7E0665F725E23E2900A10151 = {
						CreatedOnToolsVersion = 12.4;
						TestTargetID = 7E0665DC25E23E2700A10151;
					};
					7E06660225E23E2900A10151 = {
						CreatedOnToolsVersion = 12.4;
						TestTargetID = 7E0665DC25E23E2700A10151;
					};
					7E06661B25E23E4000A10151 = {
						CreatedOnToolsVersion = 12.4;
					};
				};
			};
			buildConfigurationList = 7E0665D825E23E2700A10151 /* Build configuration list for PBXProject "teclat" */;
			compatibilityVersion = "Xcode 9.3";
			developmentRegion = en;
			hasScannedForEncodings = 0;
			knownRegions = (
				en,
				Base,
			);
			mainGroup = 7E0665D425E23E2700A10151;
			productRefGroup = 7E0665DE25E23E2700A10151 /* Products */;
			projectDirPath = "";
			projectReferences = (
				{
					ProductGroup = 7E0BD77225E3910C002F75B5 /* Products */;
					ProjectRef = 7E0BD77125E3910C002F75B5 /* bgfx.xcodeproj */;
				},
				{
					ProductGroup = 7E0BD76025E3910B002F75B5 /* Products */;
					ProjectRef = 7E0BD75F25E3910B002F75B5 /* bimg.xcodeproj */;
				},
				{
					ProductGroup = 7E0BD76625E3910B002F75B5 /* Products */;
					ProjectRef = 7E0BD76525E3910B002F75B5 /* bimg_decode.xcodeproj */;
				},
				{
					ProductGroup = 7E0BD76C25E3910B002F75B5 /* Products */;
					ProjectRef = 7E0BD76B25E3910B002F75B5 /* bx.xcodeproj */;
				},
			);
			projectRoot = "";
			targets = (
				7E0665DC25E23E2700A10151 /* teclat */,
				7E0665F725E23E2900A10151 /* teclatTests */,
				7E06660225E23E2900A10151 /* teclatUITests */,
				7E06661B25E23E4000A10151 /* RadialXKeyboard */,
			);
		};
/* End PBXProject section */

/* Begin PBXReferenceProxy section */
		7E0BD76425E3910B002F75B5 /* libbimgDebug.a */ = {
			isa = PBXReferenceProxy;
			fileType = archive.ar;
			path = libbimgDebug.a;
			remoteRef = 7E0BD76325E3910B002F75B5 /* PBXContainerItemProxy */;
			sourceTree = BUILT_PRODUCTS_DIR;
		};
		7E0BD76A25E3910B002F75B5 /* libbimg_decodeDebug.a */ = {
			isa = PBXReferenceProxy;
			fileType = archive.ar;
			path = libbimg_decodeDebug.a;
			remoteRef = 7E0BD76925E3910B002F75B5 /* PBXContainerItemProxy */;
			sourceTree = BUILT_PRODUCTS_DIR;
		};
		7E0BD77025E3910C002F75B5 /* libbxDebug.a */ = {
			isa = PBXReferenceProxy;
			fileType = archive.ar;
			path = libbxDebug.a;
			remoteRef = 7E0BD76F25E3910C002F75B5 /* PBXContainerItemProxy */;
			sourceTree = BUILT_PRODUCTS_DIR;
		};
		7E0BD77725E3910C002F75B5 /* libbgfxDebug.a */ = {
			isa = PBXReferenceProxy;
			fileType = archive.ar;
			path = libbgfxDebug.a;
			remoteRef = 7E0BD77625E3910C002F75B5 /* PBXContainerItemProxy */;
			sourceTree = BUILT_PRODUCTS_DIR;
		};
/* End PBXReferenceProxy section */

/* Begin PBXResourcesBuildPhase section */
		7E0665DB25E23E2700A10151 /* Resources */ = {
			isa = PBXResourcesBuildPhase;
			buildActionMask = 2147483647;
			files = (
				7E0665F025E23E2800A10151 /* LaunchScreen.storyboard in Resources */,
				7E0665ED25E23E2800A10151 /* Assets.xcassets in Resources */,
				7E0665EB25E23E2700A10151 /* Main.storyboard in Resources */,
			);
			runOnlyForDeploymentPostprocessing = 0;
		};
		7E0665F625E23E2900A10151 /* Resources */ = {
			isa = PBXResourcesBuildPhase;
			buildActionMask = 2147483647;
			files = (
			);
			runOnlyForDeploymentPostprocessing = 0;
		};
		7E06660125E23E2900A10151 /* Resources */ = {
			isa = PBXResourcesBuildPhase;
			buildActionMask = 2147483647;
			files = (
			);
			runOnlyForDeploymentPostprocessing = 0;
		};
		7E06661A25E23E4000A10151 /* Resources */ = {
			isa = PBXResourcesBuildPhase;
			buildActionMask = 2147483647;
			files = (
				7E39766F25ECA0920089AF21 /* vs_cubes.bin in Resources */,
				7E39758225ECA0910089AF21 /* fs_cubes.bin in Resources */,
			);
			runOnlyForDeploymentPostprocessing = 0;
		};
/* End PBXResourcesBuildPhase section */

/* Begin PBXSourcesBuildPhase section */
		7E0665D925E23E2700A10151 /* Sources */ = {
			isa = PBXSourcesBuildPhase;
			buildActionMask = 2147483647;
			files = (
				7E0665E825E23E2700A10151 /* ViewController.m in Sources */,
				7E0665E225E23E2700A10151 /* AppDelegate.m in Sources */,
				7E0665F325E23E2800A10151 /* main.m in Sources */,
				7E0665E525E23E2700A10151 /* SceneDelegate.m in Sources */,
			);
			runOnlyForDeploymentPostprocessing = 0;
		};
		7E0665F425E23E2900A10151 /* Sources */ = {
			isa = PBXSourcesBuildPhase;
			buildActionMask = 2147483647;
			files = (
				7E0665FD25E23E2900A10151 /* teclatTests.m in Sources */,
			);
			runOnlyForDeploymentPostprocessing = 0;
		};
		7E0665FF25E23E2900A10151 /* Sources */ = {
			isa = PBXSourcesBuildPhase;
			buildActionMask = 2147483647;
			files = (
				7E06660825E23E2900A10151 /* teclatUITests.m in Sources */,
			);
			runOnlyForDeploymentPostprocessing = 0;
		};
		7E06661825E23E4000A10151 /* Sources */ = {
			isa = PBXSourcesBuildPhase;
			buildActionMask = 2147483647;
			files = (
				7E06662025E23E4000A10151 /* KeyboardViewController.mm in Sources */,
				7E3C516525F0B141001D1E68 /* ThreadSafeQueue.cpp in Sources */,
				7E0BD81D25E770E6002F75B5 /* KeyboardView.mm in Sources */,
				C36A07A907DFF3B75A1B2EC7 /* KeyboardRenderer.cpp in Sources */,
				C36A041B9EEC45F9F5996868 /* ShaderLoader.cpp in Sources */,
				C36A01349061059A7FD13A24 /* InputHandler.mm in Sources */,
			);
			runOnlyForDeploymentPostprocessing = 0;
		};
/* End PBXSourcesBuildPhase section */

/* Begin PBXTargetDependency section */
		7E0665FA25E23E2900A10151 /* PBXTargetDependency */ = {
			isa = PBXTargetDependency;
			target = 7E0665DC25E23E2700A10151 /* teclat */;
			targetProxy = 7E0665F925E23E2900A10151 /* PBXContainerItemProxy */;
		};
		7E06660525E23E2900A10151 /* PBXTargetDependency */ = {
			isa = PBXTargetDependency;
			target = 7E0665DC25E23E2700A10151 /* teclat */;
			targetProxy = 7E06660425E23E2900A10151 /* PBXContainerItemProxy */;
		};
		7E06662325E23E4000A10151 /* PBXTargetDependency */ = {
			isa = PBXTargetDependency;
			target = 7E06661B25E23E4000A10151 /* RadialXKeyboard */;
			targetProxy = 7E06662225E23E4000A10151 /* PBXContainerItemProxy */;
		};
		7E0BD77D25E3911A002F75B5 /* PBXTargetDependency */ = {
			isa = PBXTargetDependency;
			name = bgfx;
			targetProxy = 7E0BD77C25E3911A002F75B5 /* PBXContainerItemProxy */;
		};
		7E0BD77F25E3911A002F75B5 /* PBXTargetDependency */ = {
			isa = PBXTargetDependency;
			name = bx;
			targetProxy = 7E0BD77E25E3911A002F75B5 /* PBXContainerItemProxy */;
		};
		7E0BD78125E3911A002F75B5 /* PBXTargetDependency */ = {
			isa = PBXTargetDependency;
			name = bimg_decode;
			targetProxy = 7E0BD78025E3911A002F75B5 /* PBXContainerItemProxy */;
		};
		7E0BD78325E3911A002F75B5 /* PBXTargetDependency */ = {
			isa = PBXTargetDependency;
			name = bimg;
			targetProxy = 7E0BD78225E3911A002F75B5 /* PBXContainerItemProxy */;
		};
		7E0BD78525E3911A002F75B5 /* PBXTargetDependency */ = {
			isa = PBXTargetDependency;
			name = bx;
			targetProxy = 7E0BD78425E3911A002F75B5 /* PBXContainerItemProxy */;
		};
/* End PBXTargetDependency section */

/* Begin PBXVariantGroup section */
		7E0665E925E23E2700A10151 /* Main.storyboard */ = {
			isa = PBXVariantGroup;
			children = (
				7E0665EA25E23E2700A10151 /* Base */,
			);
			name = Main.storyboard;
			sourceTree = "<group>";
		};
		7E0665EE25E23E2800A10151 /* LaunchScreen.storyboard */ = {
			isa = PBXVariantGroup;
			children = (
				7E0665EF25E23E2800A10151 /* Base */,
			);
			name = LaunchScreen.storyboard;
			sourceTree = "<group>";
		};
/* End PBXVariantGroup section */

/* Begin XCBuildConfiguration section */
		7E06660A25E23E2900A10151 /* Debug */ = {
			isa = XCBuildConfiguration;
			buildSettings = {
				ALWAYS_SEARCH_USER_PATHS = NO;
				CLANG_ANALYZER_NONNULL = YES;
				CLANG_ANALYZER_NUMBER_OBJECT_CONVERSION = YES_AGGRESSIVE;
				CLANG_CXX_LANGUAGE_STANDARD = "gnu++14";
				CLANG_CXX_LIBRARY = "libc++";
				CLANG_ENABLE_MODULES = YES;
				CLANG_ENABLE_OBJC_ARC = NO;
				CLANG_ENABLE_OBJC_WEAK = YES;
				CLANG_WARN_BLOCK_CAPTURE_AUTORELEASING = YES;
				CLANG_WARN_BOOL_CONVERSION = YES;
				CLANG_WARN_COMMA = YES;
				CLANG_WARN_CONSTANT_CONVERSION = YES;
				CLANG_WARN_DEPRECATED_OBJC_IMPLEMENTATIONS = YES;
				CLANG_WARN_DIRECT_OBJC_ISA_USAGE = YES_ERROR;
				CLANG_WARN_DOCUMENTATION_COMMENTS = YES;
				CLANG_WARN_EMPTY_BODY = YES;
				CLANG_WARN_ENUM_CONVERSION = YES;
				CLANG_WARN_INFINITE_RECURSION = YES;
				CLANG_WARN_INT_CONVERSION = YES;
				CLANG_WARN_NON_LITERAL_NULL_CONVERSION = YES;
				CLANG_WARN_OBJC_IMPLICIT_RETAIN_SELF = YES;
				CLANG_WARN_OBJC_LITERAL_CONVERSION = YES;
				CLANG_WARN_OBJC_ROOT_CLASS = YES_ERROR;
				CLANG_WARN_QUOTED_INCLUDE_IN_FRAMEWORK_HEADER = YES;
				CLANG_WARN_RANGE_LOOP_ANALYSIS = YES;
				CLANG_WARN_STRICT_PROTOTYPES = YES;
				CLANG_WARN_SUSPICIOUS_MOVE = YES;
				CLANG_WARN_UNGUARDED_AVAILABILITY = YES_AGGRESSIVE;
				CLANG_WARN_UNREACHABLE_CODE = YES;
				CLANG_WARN__DUPLICATE_METHOD_MATCH = YES;
				COPY_PHASE_STRIP = NO;
				DEBUG_INFORMATION_FORMAT = dwarf;
				ENABLE_STRICT_OBJC_MSGSEND = YES;
				ENABLE_TESTABILITY = YES;
				GCC_C_LANGUAGE_STANDARD = gnu11;
				GCC_DYNAMIC_NO_PIC = NO;
				GCC_NO_COMMON_BLOCKS = YES;
				GCC_OPTIMIZATION_LEVEL = 0;
				GCC_PREPROCESSOR_DEFINITIONS = (
					"DEBUG=1",
					"$(inherited)",
				);
				GCC_WARN_64_TO_32_BIT_CONVERSION = YES;
				GCC_WARN_ABOUT_RETURN_TYPE = YES_ERROR;
				GCC_WARN_UNDECLARED_SELECTOR = YES;
				GCC_WARN_UNINITIALIZED_AUTOS = YES_AGGRESSIVE;
				GCC_WARN_UNUSED_FUNCTION = YES;
				GCC_WARN_UNUSED_VARIABLE = YES;
				HEADER_SEARCH_PATHS = (
					../libs/bx/include/compat/ios/,
					../libs/bx/include/,
					../libs/bimg/include/,
					../libs/bgfx/include/,
					../libs/bgfx/3rdparty/,
				);
				IPHONEOS_DEPLOYMENT_TARGET = 14.4;
				MTL_ENABLE_DEBUG_INFO = INCLUDE_SOURCE;
				MTL_FAST_MATH = YES;
				ONLY_ACTIVE_ARCH = YES;
				SDKROOT = iphoneos;
			};
			name = Debug;
		};
		7E06660B25E23E2900A10151 /* Release */ = {
			isa = XCBuildConfiguration;
			buildSettings = {
				ALWAYS_SEARCH_USER_PATHS = NO;
				CLANG_ANALYZER_NONNULL = YES;
				CLANG_ANALYZER_NUMBER_OBJECT_CONVERSION = YES_AGGRESSIVE;
				CLANG_CXX_LANGUAGE_STANDARD = "gnu++14";
				CLANG_CXX_LIBRARY = "libc++";
				CLANG_ENABLE_MODULES = YES;
				CLANG_ENABLE_OBJC_ARC = NO;
				CLANG_ENABLE_OBJC_WEAK = YES;
				CLANG_WARN_BLOCK_CAPTURE_AUTORELEASING = YES;
				CLANG_WARN_BOOL_CONVERSION = YES;
				CLANG_WARN_COMMA = YES;
				CLANG_WARN_CONSTANT_CONVERSION = YES;
				CLANG_WARN_DEPRECATED_OBJC_IMPLEMENTATIONS = YES;
				CLANG_WARN_DIRECT_OBJC_ISA_USAGE = YES_ERROR;
				CLANG_WARN_DOCUMENTATION_COMMENTS = YES;
				CLANG_WARN_EMPTY_BODY = YES;
				CLANG_WARN_ENUM_CONVERSION = YES;
				CLANG_WARN_INFINITE_RECURSION = YES;
				CLANG_WARN_INT_CONVERSION = YES;
				CLANG_WARN_NON_LITERAL_NULL_CONVERSION = YES;
				CLANG_WARN_OBJC_IMPLICIT_RETAIN_SELF = YES;
				CLANG_WARN_OBJC_LITERAL_CONVERSION = YES;
				CLANG_WARN_OBJC_ROOT_CLASS = YES_ERROR;
				CLANG_WARN_QUOTED_INCLUDE_IN_FRAMEWORK_HEADER = YES;
				CLANG_WARN_RANGE_LOOP_ANALYSIS = YES;
				CLANG_WARN_STRICT_PROTOTYPES = YES;
				CLANG_WARN_SUSPICIOUS_MOVE = YES;
				CLANG_WARN_UNGUARDED_AVAILABILITY = YES_AGGRESSIVE;
				CLANG_WARN_UNREACHABLE_CODE = YES;
				CLANG_WARN__DUPLICATE_METHOD_MATCH = YES;
				COPY_PHASE_STRIP = NO;
				DEBUG_INFORMATION_FORMAT = "dwarf-with-dsym";
				ENABLE_NS_ASSERTIONS = NO;
				ENABLE_STRICT_OBJC_MSGSEND = YES;
				GCC_C_LANGUAGE_STANDARD = gnu11;
				GCC_NO_COMMON_BLOCKS = YES;
				GCC_WARN_64_TO_32_BIT_CONVERSION = YES;
				GCC_WARN_ABOUT_RETURN_TYPE = YES_ERROR;
				GCC_WARN_UNDECLARED_SELECTOR = YES;
				GCC_WARN_UNINITIALIZED_AUTOS = YES_AGGRESSIVE;
				GCC_WARN_UNUSED_FUNCTION = YES;
				GCC_WARN_UNUSED_VARIABLE = YES;
				HEADER_SEARCH_PATHS = (
					../libs/bx/include/compat/ios/,
					../libs/bx/include/,
					../libs/bimg/include/,
					../libs/bgfx/include/,
					../libs/bgfx/3rdparty/,
				);
				IPHONEOS_DEPLOYMENT_TARGET = 14.4;
				MTL_ENABLE_DEBUG_INFO = NO;
				MTL_FAST_MATH = YES;
				SDKROOT = iphoneos;
				VALIDATE_PRODUCT = YES;
			};
			name = Release;
		};
		7E06660D25E23E2900A10151 /* Debug */ = {
			isa = XCBuildConfiguration;
			buildSettings = {
				ALWAYS_SEARCH_USER_PATHS = NO;
				ASSETCATALOG_COMPILER_APPICON_NAME = AppIcon;
				ASSETCATALOG_COMPILER_GLOBAL_ACCENT_COLOR_NAME = AccentColor;
				CODE_SIGN_STYLE = Automatic;
				DEVELOPMENT_TEAM = 4BS65FY9RR;
				INFOPLIST_FILE = teclat/Info.plist;
				LD_RUNPATH_SEARCH_PATHS = (
					"$(inherited)",
					"@executable_path/Frameworks",
				);
				PRODUCT_BUNDLE_IDENTIFIER = TwoNodes.teclat;
				PRODUCT_NAME = "$(TARGET_NAME)";
				TARGETED_DEVICE_FAMILY = "1,2";
			};
			name = Debug;
		};
		7E06660E25E23E2900A10151 /* Release */ = {
			isa = XCBuildConfiguration;
			buildSettings = {
				ALWAYS_SEARCH_USER_PATHS = NO;
				ASSETCATALOG_COMPILER_APPICON_NAME = AppIcon;
				ASSETCATALOG_COMPILER_GLOBAL_ACCENT_COLOR_NAME = AccentColor;
				CODE_SIGN_STYLE = Automatic;
				DEVELOPMENT_TEAM = 4BS65FY9RR;
				INFOPLIST_FILE = teclat/Info.plist;
				LD_RUNPATH_SEARCH_PATHS = (
					"$(inherited)",
					"@executable_path/Frameworks",
				);
				PRODUCT_BUNDLE_IDENTIFIER = TwoNodes.teclat;
				PRODUCT_NAME = "$(TARGET_NAME)";
				TARGETED_DEVICE_FAMILY = "1,2";
			};
			name = Release;
		};
		7E06661025E23E2900A10151 /* Debug */ = {
			isa = XCBuildConfiguration;
			buildSettings = {
				BUNDLE_LOADER = "$(TEST_HOST)";
				CODE_SIGN_STYLE = Automatic;
				DEVELOPMENT_TEAM = 5Z9WMAKSVE;
				INFOPLIST_FILE = teclatTests/Info.plist;
				IPHONEOS_DEPLOYMENT_TARGET = 14.4;
				LD_RUNPATH_SEARCH_PATHS = (
					"$(inherited)",
					"@executable_path/Frameworks",
					"@loader_path/Frameworks",
				);
				PRODUCT_BUNDLE_IDENTIFIER = TwoNodes.teclatTests;
				PRODUCT_NAME = "$(TARGET_NAME)";
				TARGETED_DEVICE_FAMILY = "1,2";
				TEST_HOST = "$(BUILT_PRODUCTS_DIR)/teclat.app/teclat";
			};
			name = Debug;
		};
		7E06661125E23E2900A10151 /* Release */ = {
			isa = XCBuildConfiguration;
			buildSettings = {
				BUNDLE_LOADER = "$(TEST_HOST)";
				CODE_SIGN_STYLE = Automatic;
				DEVELOPMENT_TEAM = 5Z9WMAKSVE;
				INFOPLIST_FILE = teclatTests/Info.plist;
				IPHONEOS_DEPLOYMENT_TARGET = 14.4;
				LD_RUNPATH_SEARCH_PATHS = (
					"$(inherited)",
					"@executable_path/Frameworks",
					"@loader_path/Frameworks",
				);
				PRODUCT_BUNDLE_IDENTIFIER = TwoNodes.teclatTests;
				PRODUCT_NAME = "$(TARGET_NAME)";
				TARGETED_DEVICE_FAMILY = "1,2";
				TEST_HOST = "$(BUILT_PRODUCTS_DIR)/teclat.app/teclat";
			};
			name = Release;
		};
		7E06661325E23E2900A10151 /* Debug */ = {
			isa = XCBuildConfiguration;
			buildSettings = {
				CODE_SIGN_STYLE = Automatic;
				DEVELOPMENT_TEAM = 5Z9WMAKSVE;
				INFOPLIST_FILE = teclatUITests/Info.plist;
				LD_RUNPATH_SEARCH_PATHS = (
					"$(inherited)",
					"@executable_path/Frameworks",
					"@loader_path/Frameworks",
				);
				PRODUCT_BUNDLE_IDENTIFIER = TwoNodes.teclatUITests;
				PRODUCT_NAME = "$(TARGET_NAME)";
				TARGETED_DEVICE_FAMILY = "1,2";
				TEST_TARGET_NAME = teclat;
			};
			name = Debug;
		};
		7E06661425E23E2900A10151 /* Release */ = {
			isa = XCBuildConfiguration;
			buildSettings = {
				CODE_SIGN_STYLE = Automatic;
				DEVELOPMENT_TEAM = 5Z9WMAKSVE;
				INFOPLIST_FILE = teclatUITests/Info.plist;
				LD_RUNPATH_SEARCH_PATHS = (
					"$(inherited)",
					"@executable_path/Frameworks",
					"@loader_path/Frameworks",
				);
				PRODUCT_BUNDLE_IDENTIFIER = TwoNodes.teclatUITests;
				PRODUCT_NAME = "$(TARGET_NAME)";
				TARGETED_DEVICE_FAMILY = "1,2";
				TEST_TARGET_NAME = teclat;
			};
			name = Release;
		};
		7E06662625E23E4000A10151 /* Debug */ = {
			isa = XCBuildConfiguration;
			buildSettings = {
				CODE_SIGN_STYLE = Automatic;
				DEVELOPMENT_TEAM = 4BS65FY9RR;
				INFOPLIST_FILE = RadialXKeyboard/Info.plist;
				LD_RUNPATH_SEARCH_PATHS = (
					"$(inherited)",
					"@executable_path/Frameworks",
					"@executable_path/../../Frameworks",
				);
				PRODUCT_BUNDLE_IDENTIFIER = TwoNodes.teclat.RadialXKeyboard;
				PRODUCT_NAME = "$(TARGET_NAME)";
				SKIP_INSTALL = YES;
				TARGETED_DEVICE_FAMILY = "1,2";
			};
			name = Debug;
		};
		7E06662725E23E4000A10151 /* Release */ = {
			isa = XCBuildConfiguration;
			buildSettings = {
				CODE_SIGN_STYLE = Automatic;
				DEVELOPMENT_TEAM = 4BS65FY9RR;
				INFOPLIST_FILE = RadialXKeyboard/Info.plist;
				LD_RUNPATH_SEARCH_PATHS = (
					"$(inherited)",
					"@executable_path/Frameworks",
					"@executable_path/../../Frameworks",
				);
				PRODUCT_BUNDLE_IDENTIFIER = TwoNodes.teclat.RadialXKeyboard;
				PRODUCT_NAME = "$(TARGET_NAME)";
				SKIP_INSTALL = YES;
				TARGETED_DEVICE_FAMILY = "1,2";
			};
			name = Release;
		};
/* End XCBuildConfiguration section */

/* Begin XCConfigurationList section */
		7E0665D825E23E2700A10151 /* Build configuration list for PBXProject "teclat" */ = {
			isa = XCConfigurationList;
			buildConfigurations = (
				7E06660A25E23E2900A10151 /* Debug */,
				7E06660B25E23E2900A10151 /* Release */,
			);
			defaultConfigurationIsVisible = 0;
			defaultConfigurationName = Release;
		};
		7E06660C25E23E2900A10151 /* Build configuration list for PBXNativeTarget "teclat" */ = {
			isa = XCConfigurationList;
			buildConfigurations = (
				7E06660D25E23E2900A10151 /* Debug */,
				7E06660E25E23E2900A10151 /* Release */,
			);
			defaultConfigurationIsVisible = 0;
			defaultConfigurationName = Release;
		};
		7E06660F25E23E2900A10151 /* Build configuration list for PBXNativeTarget "teclatTests" */ = {
			isa = XCConfigurationList;
			buildConfigurations = (
				7E06661025E23E2900A10151 /* Debug */,
				7E06661125E23E2900A10151 /* Release */,
			);
			defaultConfigurationIsVisible = 0;
			defaultConfigurationName = Release;
		};
		7E06661225E23E2900A10151 /* Build configuration list for PBXNativeTarget "teclatUITests" */ = {
			isa = XCConfigurationList;
			buildConfigurations = (
				7E06661325E23E2900A10151 /* Debug */,
				7E06661425E23E2900A10151 /* Release */,
			);
			defaultConfigurationIsVisible = 0;
			defaultConfigurationName = Release;
		};
		7E06662525E23E4000A10151 /* Build configuration list for PBXNativeTarget "RadialXKeyboard" */ = {
			isa = XCConfigurationList;
			buildConfigurations = (
				7E06662625E23E4000A10151 /* Debug */,
				7E06662725E23E4000A10151 /* Release */,
			);
			defaultConfigurationIsVisible = 0;
			defaultConfigurationName = Release;
		};
/* End XCConfigurationList section */
	};
	rootObject = 7E0665D525E23E2700A10151 /* Project object */;
}
